
Microsoft Visual Studio Solution File, Format Version 12.00
# Visual Studio Version 17
VisualStudioVersion = 17.6.33815.320
MinimumVisualStudioVersion = 10.0.40219.1
Project("{FAE04EC0-301F-11D3-BF4B-00C04F79EFBC}") = "prjEShopping", "prjEShopping\prjEShopping.csproj", "{A93FE978-B748-4DFC-A5FE-48C3E49DD5EE}"
EndProject
Global
	GlobalSection(SolutionConfigurationPlatforms) = preSolution
		Debug|Any CPU = Debug|Any CPU
		Release|Any CPU = Release|Any CPU
	EndGlobalSection
	GlobalSection(ProjectConfigurationPlatforms) = postSolution
		{A93FE978-B748-4DFC-A5FE-48C3E49DD5EE}.Debug|Any CPU.ActiveCfg = Debug|Any CPU
		{A93FE978-B748-4DFC-A5FE-48C3E49DD5EE}.Debug|Any CPU.Build.0 = Debug|Any CPU
		{A93FE978-B748-4DFC-A5FE-48C3E49DD5EE}.Release|Any CPU.ActiveCfg = Release|Any CPU
		{A93FE978-B748-4DFC-A5FE-48C3E49DD5EE}.Release|Any CPU.Build.0 = Release|Any CPU
	EndGlobalSection
	GlobalSection(SolutionProperties) = preSolution
		HideSolutionNode = FALSE
	EndGlobalSection
	GlobalSection(ExtensibilityGlobals) = postSolution
		SolutionGuid = {57F6B6FB-57A2-43E6-AFE9-53C47531E061}
	EndGlobalSection
EndGlobal
